
Microsoft Visual Studio Solution File, Format Version 12.00
# Visual Studio 14
VisualStudioVersion = 14.0.25420.1
MinimumVisualStudioVersion = 10.0.40219.1
Project("{FAE04EC0-301F-11D3-BF4B-00C04F79EFBC}") = "WpfLesson", "WpfLesson\WpfLesson.csproj", "{E85AD52D-A0C0-4A76-AF80-F89CF04F26F0}"
EndProject
Project("{FAE04EC0-301F-11D3-BF4B-00C04F79EFBC}") = "WpfLesson.DataAccess", "WpfLesson.DataAccess\WpfLesson.DataAccess.csproj", "{FFB12EAC-4182-4258-83D7-B07BBAE0EF18}"
EndProject
Global
	GlobalSection(SolutionConfigurationPlatforms) = preSolution
		Debug|Any CPU = Debug|Any CPU
		Release|Any CPU = Release|Any CPU
	EndGlobalSection
	GlobalSection(ProjectConfigurationPlatforms) = postSolution
		{E85AD52D-A0C0-4A76-AF80-F89CF04F26F0}.Debug|Any CPU.ActiveCfg = Debug|Any CPU
		{E85AD52D-A0C0-4A76-AF80-F89CF04F26F0}.Debug|Any CPU.Build.0 = Debug|Any CPU
		{E85AD52D-A0C0-4A76-AF80-F89CF04F26F0}.Release|Any CPU.ActiveCfg = Release|Any CPU
		{E85AD52D-A0C0-4A76-AF80-F89CF04F26F0}.Release|Any CPU.Build.0 = Release|Any CPU
		{FFB12EAC-4182-4258-83D7-B07BBAE0EF18}.Debug|Any CPU.ActiveCfg = Debug|Any CPU
		{FFB12EAC-4182-4258-83D7-B07BBAE0EF18}.Debug|Any CPU.Build.0 = Debug|Any CPU
		{FFB12EAC-4182-4258-83D7-B07BBAE0EF18}.Release|Any CPU.ActiveCfg = Release|Any CPU
		{FFB12EAC-4182-4258-83D7-B07BBAE0EF18}.Release|Any CPU.Build.0 = Release|Any CPU
	EndGlobalSection
	GlobalSection(SolutionProperties) = preSolution
		HideSolutionNode = FALSE
	EndGlobalSection
EndGlobal
